// !$*UTF8*$!
{
	archiveVersion = 1;
	classes = {
	};
	objectVersion = 48;
	objects = {

/* Begin PBXBuildFile section */
		CA2E541C20D8F6DF003EC661 /* AppDelegate.m in Sources */ = {isa = PBXBuildFile; fileRef = CA2E541B20D8F6DF003EC661 /* AppDelegate.m */; };
		CA2E541F20D8F6DF003EC661 /* ViewController.m in Sources */ = {isa = PBXBuildFile; fileRef = CA2E541E20D8F6DF003EC661 /* ViewController.m */; };
		CA2E542220D8F6DF003EC661 /* Main.storyboard in Resources */ = {isa = PBXBuildFile; fileRef = CA2E542020D8F6DF003EC661 /* Main.storyboard */; };
		CA2E542420D8F6DF003EC661 /* Assets.xcassets in Resources */ = {isa = PBXBuildFile; fileRef = CA2E542320D8F6DF003EC661 /* Assets.xcassets */; };
		CA2E542720D8F6DF003EC661 /* LaunchScreen.storyboard in Resources */ = {isa = PBXBuildFile; fileRef = CA2E542520D8F6DF003EC661 /* LaunchScreen.storyboard */; };
		CA2E542A20D8F6DF003EC661 /* main.m in Sources */ = {isa = PBXBuildFile; fileRef = CA2E542920D8F6DF003EC661 /* main.m */; };
		CA2E543320D8F806003EC661 /* XMValidateCodeButton.m in Sources */ = {isa = PBXBuildFile; fileRef = CA2E543220D8F806003EC661 /* XMValidateCodeButton.m */; };
/* End PBXBuildFile section */

/* Begin PBXFileReference section */
		CA2E541720D8F6DF003EC661 /* XMValidateCode.app */ = {isa = PBXFileReference; explicitFileType = wrapper.application; includeInIndex = 0; path = XMValidateCode.app; sourceTree = BUILT_PRODUCTS_DIR; };
		CA2E541A20D8F6DF003EC661 /* AppDelegate.h */ = {isa = PBXFileReference; lastKnownFileType = sourcecode.c.h; path = AppDelegate.h; sourceTree = "<group>"; };
		CA2E541B20D8F6DF003EC661 /* AppDelegate.m */ = {isa = PBXFileReference; lastKnownFileType = sourcecode.c.objc; path = AppDelegate.m; sourceTree = "<group>"; };
		CA2E541D20D8F6DF003EC661 /* ViewController.h */ = {isa = PBXFileReference; lastKnownFileType = sourcecode.c.h; path = ViewController.h; sourceTree = "<group>"; };
		CA2E541E20D8F6DF003EC661 /* ViewController.m */ = {isa = PBXFileReference; lastKnownFileType = sourcecode.c.objc; path = ViewController.m; sourceTree = "<group>"; };
		CA2E542120D8F6DF003EC661 /* Base */ = {isa = PBXFileReference; lastKnownFileType = file.storyboard; name = Base; path = Base.lproj/Main.storyboard; sourceTree = "<group>"; };
		CA2E542320D8F6DF003EC661 /* Assets.xcassets */ = {isa = PBXFileReference; lastKnownFileType = folder.assetcatalog; path = Assets.xcassets; sourceTree = "<group>"; };
		CA2E542620D8F6DF003EC661 /* Base */ = {isa = PBXFileReference; lastKnownFileType = file.storyboard; name = Base; path = Base.lproj/LaunchScreen.storyboard; sourceTree = "<group>"; };
		CA2E542820D8F6DF003EC661 /* Info.plist */ = {isa = PBXFileReference; lastKnownFileType = text.plist.xml; path = Info.plist; sourceTree = "<group>"; };
		CA2E542920D8F6DF003EC661 /* main.m */ = {isa = PBXFileReference; lastKnownFileType = sourcecode.c.objc; path = main.m; sourceTree = "<group>"; };
		CA2E543120D8F806003EC661 /* XMValidateCodeButton.h */ = {isa = PBXFileReference; lastKnownFileType = sourcecode.c.h; path = XMValidateCodeButton.h; sourceTree = "<group>"; };
		CA2E543220D8F806003EC661 /* XMValidateCodeButton.m */ = {isa = PBXFileReference; lastKnownFileType = sourcecode.c.objc; path = XMValidateCodeButton.m; sourceTree = "<group>"; };
/* End PBXFileReference section */

/* Begin PBXFrameworksBuildPhase section */
		CA2E541420D8F6DF003EC661 /* Frameworks */ = {
			isa = PBXFrameworksBuildPhase;
			buildActionMask = 2147483647;
			files = (
			);
			runOnlyForDeploymentPostprocessing = 0;
		};
/* End PBXFrameworksBuildPhase section */

/* Begin PBXGroup section */
		CA2E540E20D8F6DF003EC661 = {
			isa = PBXGroup;
			children = (
				CA2E541920D8F6DF003EC661 /* XMValidateCode */,
				CA2E541820D8F6DF003EC661 /* Products */,
			);
			sourceTree = "<group>";
		};
		CA2E541820D8F6DF003EC661 /* Products */ = {
			isa = PBXGroup;
			children = (
				CA2E541720D8F6DF003EC661 /* XMValidateCode.app */,
			);
			name = Products;
			sourceTree = "<group>";
		};
		CA2E541920D8F6DF003EC661 /* XMValidateCode */ = {
			isa = PBXGroup;
			children = (
				CA2E543020D8F7F1003EC661 /* XMValidateCode */,
				CA2E541A20D8F6DF003EC661 /* AppDelegate.h */,
				CA2E541B20D8F6DF003EC661 /* AppDelegate.m */,
				CA2E541D20D8F6DF003EC661 /* ViewController.h */,
				CA2E541E20D8F6DF003EC661 /* ViewController.m */,
				CA2E542020D8F6DF003EC661 /* Main.storyboard */,
				CA2E542320D8F6DF003EC661 /* Assets.xcassets */,
				CA2E542520D8F6DF003EC661 /* LaunchScreen.storyboard */,
				CA2E542820D8F6DF003EC661 /* Info.plist */,
				CA2E542920D8F6DF003EC661 /* main.m */,
			);
			path = XMValidateCode;
			sourceTree = "<group>";
		};
		CA2E543020D8F7F1003EC661 /* XMValidateCode */ = {
			isa = PBXGroup;
			children = (
				CA2E543120D8F806003EC661 /* XMValidateCodeButton.h */,
				CA2E543220D8F806003EC661 /* XMValidateCodeButton.m */,
			);
			path = XMValidateCode;
			sourceTree = "<group>";
		};
/* End PBXGroup section */

/* Begin PBXNativeTarget section */
		CA2E541620D8F6DF003EC661 /* XMValidateCode */ = {
			isa = PBXNativeTarget;
			buildConfigurationList = CA2E542D20D8F6DF003EC661 /* Build configuration list for PBXNativeTarget "XMValidateCode" */;
			buildPhases = (
				CA2E541320D8F6DF003EC661 /* Sources */,
				CA2E541420D8F6DF003EC661 /* Frameworks */,
				CA2E541520D8F6DF003EC661 /* Resources */,
			);
			buildRules = (
			);
			dependencies = (
			);
			name = XMValidateCode;
			productName = XMValidateCode;
			productReference = CA2E541720D8F6DF003EC661 /* XMValidateCode.app */;
			productType = "com.apple.product-type.application";
		};
/* End PBXNativeTarget section */

/* Begin PBXProject section */
		CA2E540F20D8F6DF003EC661 /* Project object */ = {
			isa = PBXProject;
			attributes = {
				LastUpgradeCheck = 0920;
				ORGANIZATIONNAME = "北京大账房信息技术有限公司";
				TargetAttributes = {
					CA2E541620D8F6DF003EC661 = {
						CreatedOnToolsVersion = 9.2;
						ProvisioningStyle = Automatic;
					};
				};
			};
			buildConfigurationList = CA2E541220D8F6DF003EC661 /* Build configuration list for PBXProject "XMValidateCode" */;
			compatibilityVersion = "Xcode 8.0";
			developmentRegion = en;
			hasScannedForEncodings = 0;
			knownRegions = (
				en,
				Base,
			);
			mainGroup = CA2E540E20D8F6DF003EC661;
			productRefGroup = CA2E541820D8F6DF003EC661 /* Products */;
			projectDirPath = "";
			projectRoot = "";
			targets = (
				CA2E541620D8F6DF003EC661 /* XMValidateCode */,
			);
		};
/* End PBXProject section */

/* Begin PBXResourcesBuildPhase section */
		CA2E541520D8F6DF003EC661 /* Resources */ = {
			isa = PBXResourcesBuildPhase;
			buildActionMask = 2147483647;
			files = (
				CA2E542720D8F6DF003EC661 /* LaunchScreen.storyboard in Resources */,
				CA2E542420D8F6DF003EC661 /* Assets.xcassets in Resources */,
				CA2E542220D8F6DF003EC661 /* Main.storyboard in Resources */,
			);
			runOnlyForDeploymentPostprocessing = 0;
		};
/* End PBXResourcesBuildPhase section */

/* Begin PBXSourcesBuildPhase section */
		CA2E541320D8F6DF003EC661 /* Sources */ = {
			isa = PBXSourcesBuildPhase;
			buildActionMask = 2147483647;
			files = (
				CA2E541F20D8F6DF003EC661 /* ViewController.m in Sources */,
				CA2E543320D8F806003EC661 /* XMValidateCodeButton.m in Sources */,
				CA2E542A20D8F6DF003EC661 /* main.m in Sources */,
				CA2E541C20D8F6DF003EC661 /* AppDelegate.m in Sources */,
			);
			runOnlyForDeploymentPostprocessing = 0;
		};
/* End PBXSourcesBuildPhase section */

/* Begin PBXVariantGroup section */
		CA2E542020D8F6DF003EC661 /* Main.storyboard */ = {
			isa = PBXVariantGroup;
			children = (
				CA2E542120D8F6DF003EC661 /* Base */,
			);
			name = Main.storyboard;
			sourceTree = "<group>";
		};
		CA2E542520D8F6DF003EC661 /* LaunchScreen.storyboard */ = {
			isa = PBXVariantGroup;
			children = (
				CA2E542620D8F6DF003EC661 /* Base */,
			);
			name = LaunchScreen.storyboard;
			sourceTree = "<group>";
		};
/* End PBXVariantGroup section */

/* Begin XCBuildConfiguration section */
		CA2E542B20D8F6DF003EC661 /* Debug */ = {
			isa = XCBuildConfiguration;
			buildSettings = {
				ALWAYS_SEARCH_USER_PATHS = NO;
				CLANG_ANALYZER_NONNULL = YES;
				CLANG_ANALYZER_NUMBER_OBJECT_CONVERSION = YES_AGGRESSIVE;
				CLANG_CXX_LANGUAGE_STANDARD = "gnu++14";
				CLANG_CXX_LIBRARY = "libc++";
				CLANG_ENABLE_MODULES = YES;
				CLANG_ENABLE_OBJC_ARC = YES;
				CLANG_WARN_BLOCK_CAPTURE_AUTORELEASING = YES;
				CLANG_WARN_BOOL_CONVERSION = YES;
				CLANG_WARN_COMMA = YES;
				CLANG_WARN_CONSTANT_CONVERSION = YES;
				CLANG_WARN_DIRECT_OBJC_ISA_USAGE = YES_ERROR;
				CLANG_WARN_DOCUMENTATION_COMMENTS = YES;
				CLANG_WARN_EMPTY_BODY = YES;
				CLANG_WARN_ENUM_CONVERSION = YES;
				CLANG_WARN_INFINITE_RECURSION = YES;
				CLANG_WARN_INT_CONVERSION = YES;
				CLANG_WARN_NON_LITERAL_NULL_CONVERSION = YES;
				CLANG_WARN_OBJC_LITERAL_CONVERSION = YES;
				CLANG_WARN_OBJC_ROOT_CLASS = YES_ERROR;
				CLANG_WARN_RANGE_LOOP_ANALYSIS = YES;
				CLANG_WARN_STRICT_PROTOTYPES = YES;
				CLANG_WARN_SUSPICIOUS_MOVE = YES;
				CLANG_WARN_UNGUARDED_AVAILABILITY = YES_AGGRESSIVE;
				CLANG_WARN_UNREACHABLE_CODE = YES;
				CLANG_WARN__DUPLICATE_METHOD_MATCH = YES;
				CODE_SIGN_IDENTITY = "iPhone Developer";
				COPY_PHASE_STRIP = NO;
				DEBUG_INFORMATION_FORMAT = dwarf;
				ENABLE_STRICT_OBJC_MSGSEND = YES;
				ENABLE_TESTABILITY = YES;
				GCC_C_LANGUAGE_STANDARD = gnu11;
				GCC_DYNAMIC_NO_PIC = NO;
				GCC_NO_COMMON_BLOCKS = YES;
				GCC_OPTIMIZATION_LEVEL = 0;
				GCC_PREPROCESSOR_DEFINITIONS = (
					"DEBUG=1",
					"$(inherited)",
				);
				GCC_WARN_64_TO_32_BIT_CONVERSION = YES;
				GCC_WARN_ABOUT_RETURN_TYPE = YES_ERROR;
				GCC_WARN_UNDECLARED_SELECTOR = YES;
				GCC_WARN_UNINITIALIZED_AUTOS = YES_AGGRESSIVE;
				GCC_WARN_UNUSED_FUNCTION = YES;
				GCC_WARN_UNUSED_VARIABLE = YES;
				IPHONEOS_DEPLOYMENT_TARGET = 11.2;
				MTL_ENABLE_DEBUG_INFO = YES;
				ONLY_ACTIVE_ARCH = YES;
				SDKROOT = iphoneos;
			};
			name = Debug;
		};
		CA2E542C20D8F6DF003EC661 /* Release */ = {
			isa = XCBuildConfiguration;
			buildSettings = {
				ALWAYS_SEARCH_USER_PATHS = NO;
				CLANG_ANALYZER_NONNULL = YES;
				CLANG_ANALYZER_NUMBER_OBJECT_CONVERSION = YES_AGGRESSIVE;
				CLANG_CXX_LANGUAGE_STANDARD = "gnu++14";
				CLANG_CXX_LIBRARY = "libc++";
				CLANG_ENABLE_MODULES = YES;
				CLANG_ENABLE_OBJC_ARC = YES;
				CLANG_WARN_BLOCK_CAPTURE_AUTORELEASING = YES;
				CLANG_WARN_BOOL_CONVERSION = YES;
				CLANG_WARN_COMMA = YES;
				CLANG_WARN_CONSTANT_CONVERSION = YES;
				CLANG_WARN_DIRECT_OBJC_ISA_USAGE = YES_ERROR;
				CLANG_WARN_DOCUMENTATION_COMMENTS = YES;
				CLANG_WARN_EMPTY_BODY = YES;
				CLANG_WARN_ENUM_CONVERSION = YES;
				CLANG_WARN_INFINITE_RECURSION = YES;
				CLANG_WARN_INT_CONVERSION = YES;
				CLANG_WARN_NON_LITERAL_NULL_CONVERSION = YES;
				CLANG_WARN_OBJC_LITERAL_CONVERSION = YES;
				CLANG_WARN_OBJC_ROOT_CLASS = YES_ERROR;
				CLANG_WARN_RANGE_LOOP_ANALYSIS = YES;
				CLANG_WARN_STRICT_PROTOTYPES = YES;
				CLANG_WARN_SUSPICIOUS_MOVE = YES;
				CLANG_WARN_UNGUARDED_AVAILABILITY = YES_AGGRESSIVE;
				CLANG_WARN_UNREACHABLE_CODE = YES;
				CLANG_WARN__DUPLICATE_METHOD_MATCH = YES;
				CODE_SIGN_IDENTITY = "iPhone Developer";
				COPY_PHASE_STRIP = NO;
				DEBUG_INFORMATION_FORMAT = "dwarf-with-dsym";
				ENABLE_NS_ASSERTIONS = NO;
				ENABLE_STRICT_OBJC_MSGSEND = YES;
				GCC_C_LANGUAGE_STANDARD = gnu11;
				GCC_NO_COMMON_BLOCKS = YES;
				GCC_WARN_64_TO_32_BIT_CONVERSION = YES;
				GCC_WARN_ABOUT_RETURN_TYPE = YES_ERROR;
				GCC_WARN_UNDECLARED_SELECTOR = YES;
				GCC_WARN_UNINITIALIZED_AUTOS = YES_AGGRESSIVE;
				GCC_WARN_UNUSED_FUNCTION = YES;
				GCC_WARN_UNUSED_VARIABLE = YES;
				IPHONEOS_DEPLOYMENT_TARGET = 11.2;
				MTL_ENABLE_DEBUG_INFO = NO;
				SDKROOT = iphoneos;
				VALIDATE_PRODUCT = YES;
			};
			name = Release;
		};
		CA2E542E20D8F6DF003EC661 /* Debug */ = {
			isa = XCBuildConfiguration;
			buildSettings = {
				ASSETCATALOG_COMPILER_APPICON_NAME = AppIcon;
				CODE_SIGN_STYLE = Automatic;
				INFOPLIST_FILE = XMValidateCode/Info.plist;
				LD_RUNPATH_SEARCH_PATHS = "$(inherited) @executable_path/Frameworks";
				PRODUCT_BUNDLE_IDENTIFIER = com.dazhangfang.cn.XMValidateCode;
				PRODUCT_NAME = "$(TARGET_NAME)";
				TARGETED_DEVICE_FAMILY = "1,2";
			};
			name = Debug;
		};
		CA2E542F20D8F6DF003EC661 /* Release */ = {
			isa = XCBuildConfiguration;
			buildSettings = {
				ASSETCATALOG_COMPILER_APPICON_NAME = AppIcon;
				CODE_SIGN_STYLE = Automatic;
				INFOPLIST_FILE = XMValidateCode/Info.plist;
				LD_RUNPATH_SEARCH_PATHS = "$(inherited) @executable_path/Frameworks";
				PRODUCT_BUNDLE_IDENTIFIER = com.dazhangfang.cn.XMValidateCode;
				PRODUCT_NAME = "$(TARGET_NAME)";
				TARGETED_DEVICE_FAMILY = "1,2";
			};
			name = Release;
		};
/* End XCBuildConfiguration section */

/* Begin XCConfigurationList section */
		CA2E541220D8F6DF003EC661 /* Build configuration list for PBXProject "XMValidateCode" */ = {
			isa = XCConfigurationList;
			buildConfigurations = (
				CA2E542B20D8F6DF003EC661 /* Debug */,
				CA2E542C20D8F6DF003EC661 /* Release */,
			);
			defaultConfigurationIsVisible = 0;
			defaultConfigurationName = Release;
		};
		CA2E542D20D8F6DF003EC661 /* Build configuration list for PBXNativeTarget "XMValidateCode" */ = {
			isa = XCConfigurationList;
			buildConfigurations = (
				CA2E542E20D8F6DF003EC661 /* Debug */,
				CA2E542F20D8F6DF003EC661 /* Release */,
			);
			defaultConfigurationIsVisible = 0;
			defaultConfigurationName = Release;
		};
/* End XCConfigurationList section */
	};
	rootObject = CA2E540F20D8F6DF003EC661 /* Project object */;
}
